
Microsoft Visual Studio Solution File, Format Version 11.00
# Visual Studio 2010
Project("{8BC9CEB8-8B4A-11D0-8D11-00A0C91BC942}") = "viewer", "projects\cassapa_viewer_win\cassapa_viewer.vcxproj", "{100C7F9E-AAFF-4A1A-9348-A6D8521F7A1D}"
EndProject
Global
	GlobalSection(SolutionConfigurationPlatforms) = preSolution
		Debug|Win32 = Debug|Win32
		Release|Win32 = Release|Win32
	EndGlobalSection
	GlobalSection(ProjectConfigurationPlatforms) = postSolution
		{100C7F9E-AAFF-4A1A-9348-A6D8521F7A1D}.Debug|Win32.ActiveCfg = Debug|Win32
		{100C7F9E-AAFF-4A1A-9348-A6D8521F7A1D}.Debug|Win32.Build.0 = Debug|Win32
		{100C7F9E-AAFF-4A1A-9348-A6D8521F7A1D}.Release|Win32.ActiveCfg = Release|Win32
		{100C7F9E-AAFF-4A1A-9348-A6D8521F7A1D}.Release|Win32.Build.0 = Release|Win32
	EndGlobalSection
	GlobalSection(SolutionProperties) = preSolution
		HideSolutionNode = FALSE
	EndGlobalSection
EndGlobal
